
Microsoft Visual Studio Solution File, Format Version 12.00
# Visual Studio Version 16
VisualStudioVersion = 16.0.32630.194
MinimumVisualStudioVersion = 10.0.40219.1
Project("{FAE04EC0-301F-11D3-BF4B-00C04F79EFBC}") = "2D_NesnelerinHareketi_8", "2D_NesnelerinHareketi_8\2D_NesnelerinHareketi_8.csproj", "{2C055D4E-9B32-4187-975B-40C5AD72028E}"
EndProject
Global
	GlobalSection(SolutionConfigurationPlatforms) = preSolution
		Debug|Any CPU = Debug|Any CPU
		Release|Any CPU = Release|Any CPU
	EndGlobalSection
	GlobalSection(ProjectConfigurationPlatforms) = postSolution
		{2C055D4E-9B32-4187-975B-40C5AD72028E}.Debug|Any CPU.ActiveCfg = Debug|Any CPU
		{2C055D4E-9B32-4187-975B-40C5AD72028E}.Debug|Any CPU.Build.0 = Debug|Any CPU
		{2C055D4E-9B32-4187-975B-40C5AD72028E}.Release|Any CPU.ActiveCfg = Release|Any CPU
		{2C055D4E-9B32-4187-975B-40C5AD72028E}.Release|Any CPU.Build.0 = Release|Any CPU
	EndGlobalSection
	GlobalSection(SolutionProperties) = preSolution
		HideSolutionNode = FALSE
	EndGlobalSection
	GlobalSection(ExtensibilityGlobals) = postSolution
		SolutionGuid = {73945FC9-E494-401D-A2FF-F711FD1A07A8}
	EndGlobalSection
EndGlobal
